Microsoft Visual Studio Solution File, Format Version 12.00
# Visual Studio 15
VisualStudioVersion = 15.0.27428.2005
MinimumVisualStudioVersion = 10.0.40219.1
Project("{FAE04EC0-301F-11D3-BF4B-00C04F79EFBC}") = "SportsStore", "SportsStore\SportsStore.csproj", "{E9F29447-5A68-4DD7-AF70-292C7910242E}"
EndProject
Project("{FAE04EC0-301F-11D3-BF4B-00C04F79EFBC}") = "TMSSportsStore", "TMSSportsStore\TMSSportsStore.csproj", "{81F77301-A5B5-4753-9244-AE9199D5E702}"
EndProject
Project("{FAE04EC0-301F-11D3-BF4B-00C04F79EFBC}") = "TMSSPortsStoreUnitTest", "TMSSPortsStoreUnitTest\TMSSPortsStoreUnitTest.csproj", "{E9F3F818-5F3B-45C1-865B-FB6C86120769}"
EndProject
Project("{FAE04EC0-301F-11D3-BF4B-00C04F79EFBC}") = "LinqQueries", "LinqQueries\LinqQueries.csproj", "{0F502D8D-CD82-4A10-8E6B-8CC25864A610}"
EndProject
Project("{FAE04EC0-301F-11D3-BF4B-00C04F79EFBC}") = "Group1_Assn4", "Group1_Assn4\Group1_Assn4.csproj", "{F9C30ECA-A9A0-452C-B41B-6EC48E4325EB}"
EndProject
Global
	GlobalSection(SolutionConfigurationPlatforms) = preSolution
		Debug|Any CPU = Debug|Any CPU
		Release|Any CPU = Release|Any CPU
	EndGlobalSection
	GlobalSection(ProjectConfigurationPlatforms) = postSolution
		{E9F29447-5A68-4DD7-AF70-292C7910242E}.Debug|Any CPU.ActiveCfg = Debug|Any CPU
		{E9F29447-5A68-4DD7-AF70-292C7910242E}.Debug|Any CPU.Build.0 = Debug|Any CPU
		{E9F29447-5A68-4DD7-AF70-292C7910242E}.Release|Any CPU.ActiveCfg = Release|Any CPU
		{E9F29447-5A68-4DD7-AF70-292C7910242E}.Release|Any CPU.Build.0 = Release|Any CPU
		{81F77301-A5B5-4753-9244-AE9199D5E702}.Debug|Any CPU.ActiveCfg = Debug|Any CPU
		{81F77301-A5B5-4753-9244-AE9199D5E702}.Debug|Any CPU.Build.0 = Debug|Any CPU
		{81F77301-A5B5-4753-9244-AE9199D5E702}.Release|Any CPU.ActiveCfg = Release|Any CPU
		{81F77301-A5B5-4753-9244-AE9199D5E702}.Release|Any CPU.Build.0 = Release|Any CPU
		{E9F3F818-5F3B-45C1-865B-FB6C86120769}.Debug|Any CPU.ActiveCfg = Debug|Any CPU
		{E9F3F818-5F3B-45C1-865B-FB6C86120769}.Debug|Any CPU.Build.0 = Debug|Any CPU
		{0F502D8D-CD82-4A10-8E6B-8CC25864A610}.Debug|Any CPU.ActiveCfg = Debug|Any CPU
		{0F502D8D-CD82-4A10-8E6B-8CC25864A610}.Debug|Any CPU.Build.0 = Debug|Any CPU
		{0F502D8D-CD82-4A10-8E6B-8CC25864A610}.Release|Any CPU.ActiveCfg = Release|Any CPU
		{0F502D8D-CD82-4A10-8E6B-8CC25864A610}.Release|Any CPU.Build.0 = Release|Any CPU
		{F9C30ECA-A9A0-452C-B41B-6EC48E4325EB}.Debug|Any CPU.ActiveCfg = Debug|Any CPU
		{F9C30ECA-A9A0-452C-B41B-6EC48E4325EB}.Debug|Any CPU.Build.0 = Debug|Any CPU
		{F9C30ECA-A9A0-452C-B41B-6EC48E4325EB}.Release|Any CPU.ActiveCfg = Release|Any CPU
		{F9C30ECA-A9A0-452C-B41B-6EC48E4325EB}.Release|Any CPU.Build.0 = Release|Any CPU
	EndGlobalSection
	GlobalSection(SolutionProperties) = preSolution
		HideSolutionNode = FALSE
	EndGlobalSection
	GlobalSection(ExtensibilityGlobals) = postSolution
		SolutionGuid = {5E8868D8-E37B-4133-BC3B-6A416ECC771C}
	EndGlobalSection
EndGlobal
